
Microsoft Visual Studio Solution File, Format Version 12.00
# Visual Studio Version 17
VisualStudioVersion = 17.12.35707.178
MinimumVisualStudioVersion = 10.0.40219.1
Project("{FAE04EC0-301F-11D3-BF4B-00C04F79EFBC}") = "ConsoleApp1", "ConsoleApp1\ConsoleApp1.csproj", "{8822332E-60D2-4CBD-A54F-4A9F4DAEE91F}"
EndProject
Project("{FAE04EC0-301F-11D3-BF4B-00C04F79EFBC}") = "2.CountSquareCount", "2.CountSquareCount\2.CountSquareCount.csproj", "{F2FF6574-472B-4417-B754-B684B500B75E}"
EndProject
Project("{FAE04EC0-301F-11D3-BF4B-00C04F79EFBC}") = "3.BadTaix", "3.BadTaix\3.BadTaix.csproj", "{3319F1D5-08F8-49DE-8DA4-CFC743AD6B0C}"
EndProject
Project("{FAE04EC0-301F-11D3-BF4B-00C04F79EFBC}") = "AppAntiAddiction", "AppAntiAddiction\AppAntiAddiction.csproj", "{49942377-DCBF-47EE-86C5-69F811E47DBB}"
EndProject
Project("{FAE04EC0-301F-11D3-BF4B-00C04F79EFBC}") = "4.TLV", "4.TLV\4.TLV.csproj", "{9BE57540-6E35-4283-8412-150403DFB080}"
EndProject
Project("{FAE04EC0-301F-11D3-BF4B-00C04F79EFBC}") = "5.DividPizza", "5.DividPizza\5.DividPizza.csproj", "{58C6F8BE-F9EB-42B2-8916-6454826CC810}"
EndProject
Project("{FAE04EC0-301F-11D3-BF4B-00C04F79EFBC}") = "6.StringSplit2", "6.StringSplit2\6.StringSplit2.csproj", "{370CC038-1007-4172-8DFD-57B550B06896}"
EndProject
Project("{FAE04EC0-301F-11D3-BF4B-00C04F79EFBC}") = "7.BossIncome", "7.BossIncome\7.BossIncome.csproj", "{C9702400-94D5-437E-A53A-17EDBFA5F0F2}"
EndProject
Project("{FAE04EC0-301F-11D3-BF4B-00C04F79EFBC}") = "MaxTaskCount", "MaxTaskCount\MaxTaskCount.csproj", "{A7A42ACE-82D9-4C50-85AC-71EFC37351F9}"
EndProject
Project("{FAE04EC0-301F-11D3-BF4B-00C04F79EFBC}") = "MultipyListAverge", "MultipyListAverge\MultipyListAverge.csproj", "{BD2609AC-E073-439B-B621-C1C3F56DBC18}"
EndProject
Global
	GlobalSection(SolutionConfigurationPlatforms) = preSolution
		Debug|Any CPU = Debug|Any CPU
		Release|Any CPU = Release|Any CPU
	EndGlobalSection
	GlobalSection(ProjectConfigurationPlatforms) = postSolution
		{8822332E-60D2-4CBD-A54F-4A9F4DAEE91F}.Debug|Any CPU.ActiveCfg = Debug|Any CPU
		{8822332E-60D2-4CBD-A54F-4A9F4DAEE91F}.Debug|Any CPU.Build.0 = Debug|Any CPU
		{8822332E-60D2-4CBD-A54F-4A9F4DAEE91F}.Release|Any CPU.ActiveCfg = Release|Any CPU
		{8822332E-60D2-4CBD-A54F-4A9F4DAEE91F}.Release|Any CPU.Build.0 = Release|Any CPU
		{F2FF6574-472B-4417-B754-B684B500B75E}.Debug|Any CPU.ActiveCfg = Debug|Any CPU
		{F2FF6574-472B-4417-B754-B684B500B75E}.Debug|Any CPU.Build.0 = Debug|Any CPU
		{F2FF6574-472B-4417-B754-B684B500B75E}.Release|Any CPU.ActiveCfg = Release|Any CPU
		{F2FF6574-472B-4417-B754-B684B500B75E}.Release|Any CPU.Build.0 = Release|Any CPU
		{3319F1D5-08F8-49DE-8DA4-CFC743AD6B0C}.Debug|Any CPU.ActiveCfg = Debug|Any CPU
		{3319F1D5-08F8-49DE-8DA4-CFC743AD6B0C}.Debug|Any CPU.Build.0 = Debug|Any CPU
		{3319F1D5-08F8-49DE-8DA4-CFC743AD6B0C}.Release|Any CPU.ActiveCfg = Release|Any CPU
		{3319F1D5-08F8-49DE-8DA4-CFC743AD6B0C}.Release|Any CPU.Build.0 = Release|Any CPU
		{49942377-DCBF-47EE-86C5-69F811E47DBB}.Debug|Any CPU.ActiveCfg = Debug|Any CPU
		{49942377-DCBF-47EE-86C5-69F811E47DBB}.Debug|Any CPU.Build.0 = Debug|Any CPU
		{49942377-DCBF-47EE-86C5-69F811E47DBB}.Release|Any CPU.ActiveCfg = Release|Any CPU
		{49942377-DCBF-47EE-86C5-69F811E47DBB}.Release|Any CPU.Build.0 = Release|Any CPU
		{9BE57540-6E35-4283-8412-150403DFB080}.Debug|Any CPU.ActiveCfg = Debug|Any CPU
		{9BE57540-6E35-4283-8412-150403DFB080}.Debug|Any CPU.Build.0 = Debug|Any CPU
		{9BE57540-6E35-4283-8412-150403DFB080}.Release|Any CPU.ActiveCfg = Release|Any CPU
		{9BE57540-6E35-4283-8412-150403DFB080}.Release|Any CPU.Build.0 = Release|Any CPU
		{58C6F8BE-F9EB-42B2-8916-6454826CC810}.Debug|Any CPU.ActiveCfg = Debug|Any CPU
		{58C6F8BE-F9EB-42B2-8916-6454826CC810}.Debug|Any CPU.Build.0 = Debug|Any CPU
		{58C6F8BE-F9EB-42B2-8916-6454826CC810}.Release|Any CPU.ActiveCfg = Release|Any CPU
		{58C6F8BE-F9EB-42B2-8916-6454826CC810}.Release|Any CPU.Build.0 = Release|Any CPU
		{370CC038-1007-4172-8DFD-57B550B06896}.Debug|Any CPU.ActiveCfg = Debug|Any CPU
		{370CC038-1007-4172-8DFD-57B550B06896}.Debug|Any CPU.Build.0 = Debug|Any CPU
		{370CC038-1007-4172-8DFD-57B550B06896}.Release|Any CPU.ActiveCfg = Release|Any CPU
		{370CC038-1007-4172-8DFD-57B550B06896}.Release|Any CPU.Build.0 = Release|Any CPU
		{C9702400-94D5-437E-A53A-17EDBFA5F0F2}.Debug|Any CPU.ActiveCfg = Debug|Any CPU
		{C9702400-94D5-437E-A53A-17EDBFA5F0F2}.Debug|Any CPU.Build.0 = Debug|Any CPU
		{C9702400-94D5-437E-A53A-17EDBFA5F0F2}.Release|Any CPU.ActiveCfg = Release|Any CPU
		{C9702400-94D5-437E-A53A-17EDBFA5F0F2}.Release|Any CPU.Build.0 = Release|Any CPU
		{A7A42ACE-82D9-4C50-85AC-71EFC37351F9}.Debug|Any CPU.ActiveCfg = Debug|Any CPU
		{A7A42ACE-82D9-4C50-85AC-71EFC37351F9}.Debug|Any CPU.Build.0 = Debug|Any CPU
		{A7A42ACE-82D9-4C50-85AC-71EFC37351F9}.Release|Any CPU.ActiveCfg = Release|Any CPU
		{A7A42ACE-82D9-4C50-85AC-71EFC37351F9}.Release|Any CPU.Build.0 = Release|Any CPU
		{BD2609AC-E073-439B-B621-C1C3F56DBC18}.Debug|Any CPU.ActiveCfg = Debug|Any CPU
		{BD2609AC-E073-439B-B621-C1C3F56DBC18}.Debug|Any CPU.Build.0 = Debug|Any CPU
		{BD2609AC-E073-439B-B621-C1C3F56DBC18}.Release|Any CPU.ActiveCfg = Release|Any CPU
		{BD2609AC-E073-439B-B621-C1C3F56DBC18}.Release|Any CPU.Build.0 = Release|Any CPU
	EndGlobalSection
	GlobalSection(SolutionProperties) = preSolution
		HideSolutionNode = FALSE
	EndGlobalSection
	GlobalSection(ExtensibilityGlobals) = postSolution
		SolutionGuid = {9DAE84DC-9332-497D-AD14-662EEC3DB09D}
	EndGlobalSection
EndGlobal
